
Microsoft Visual Studio Solution File, Format Version 12.00
# Visual Studio Version 16
VisualStudioVersion = 16.0.32002.261
MinimumVisualStudioVersion = 10.0.40219.1
Project("{FAE04EC0-301F-11D3-BF4B-00C04F79EFBC}") = "Evally", "Evally\Evally.csproj", "{29A886A4-38F0-48FC-A9C5-E073315BE795}"
EndProject
Global
	GlobalSection(SolutionConfigurationPlatforms) = preSolution
		Debug|Any CPU = Debug|Any CPU
		Release|Any CPU = Release|Any CPU
	EndGlobalSection
	GlobalSection(ProjectConfigurationPlatforms) = postSolution
		{29A886A4-38F0-48FC-A9C5-E073315BE795}.Debug|Any CPU.ActiveCfg = Debug|Any CPU
		{29A886A4-38F0-48FC-A9C5-E073315BE795}.Debug|Any CPU.Build.0 = Debug|Any CPU
		{29A886A4-38F0-48FC-A9C5-E073315BE795}.Release|Any CPU.ActiveCfg = Release|Any CPU
		{29A886A4-38F0-48FC-A9C5-E073315BE795}.Release|Any CPU.Build.0 = Release|Any CPU
	EndGlobalSection
	GlobalSection(SolutionProperties) = preSolution
		HideSolutionNode = FALSE
	EndGlobalSection
	GlobalSection(ExtensibilityGlobals) = postSolution
		SolutionGuid = {B924AED0-9FCA-4CEA-B018-4E98DE10408D}
	EndGlobalSection
EndGlobal
